// !$*UTF8*$!
{
	archiveVersion = 1;
	classes = {
	};
	objectVersion = 77;
	objects = {

/* Begin PBXBuildFile section */
		319639972EA6732F007851D2 /* SnapKit in Frameworks */ = {isa = PBXBuildFile; productRef = 319639962EA6732F007851D2 /* SnapKit */; };
		3196399A2EA673CA007851D2 /* RealmSwift in Frameworks */ = {isa = PBXBuildFile; productRef = 319639992EA673CA007851D2 /* RealmSwift */; };
		3196399D2EA67450007851D2 /* RxBlocking in Frameworks */ = {isa = PBXBuildFile; productRef = 3196399C2EA67450007851D2 /* RxBlocking */; };
		3196399F2EA67450007851D2 /* RxCocoa in Frameworks */ = {isa = PBXBuildFile; productRef = 3196399E2EA67450007851D2 /* RxCocoa */; };
		319639A12EA67450007851D2 /* RxRelay in Frameworks */ = {isa = PBXBuildFile; productRef = 319639A02EA67450007851D2 /* RxRelay */; };
		319639A32EA67450007851D2 /* RxSwift in Frameworks */ = {isa = PBXBuildFile; productRef = 319639A22EA67450007851D2 /* RxSwift */; };
		319639A52EA67450007851D2 /* RxTest in Frameworks */ = {isa = PBXBuildFile; productRef = 319639A42EA67450007851D2 /* RxTest */; };
		31963C912EA7F3EF007851D2 /* Fakery in Frameworks */ = {isa = PBXBuildFile; productRef = 31963C902EA7F3EF007851D2 /* Fakery */; };
		31963EEB2EB3FA1D007851D2 /* IQKeyboardToolbarManager in Frameworks */ = {isa = PBXBuildFile; productRef = 31963EEA2EB3FA1D007851D2 /* IQKeyboardToolbarManager */; };
/* End PBXBuildFile section */

/* Begin PBXContainerItemProxy section */
		319639362EA64380007851D2 /* PBXContainerItemProxy */ = {
			isa = PBXContainerItemProxy;
			containerPortal = 319639202EA6437E007851D2 /* Project object */;
			proxyType = 1;
			remoteGlobalIDString = 319639272EA6437E007851D2;
			remoteInfo = "money-chronicle-ios";
		};
		319639402EA64380007851D2 /* PBXContainerItemProxy */ = {
			isa = PBXContainerItemProxy;
			containerPortal = 319639202EA6437E007851D2 /* Project object */;
			proxyType = 1;
			remoteGlobalIDString = 319639272EA6437E007851D2;
			remoteInfo = "money-chronicle-ios";
		};
/* End PBXContainerItemProxy section */

/* Begin PBXFileReference section */
		319639282EA6437E007851D2 /* Chronicle_Staging.app */ = {isa = PBXFileReference; explicitFileType = wrapper.application; includeInIndex = 0; path = Chronicle_Staging.app; sourceTree = BUILT_PRODUCTS_DIR; };
		319639352EA64380007851D2 /* Chronicle_iosTests.xctest */ = {isa = PBXFileReference; explicitFileType = wrapper.cfbundle; includeInIndex = 0; path = Chronicle_iosTests.xctest; sourceTree = BUILT_PRODUCTS_DIR; };
		3196393F2EA64380007851D2 /* Chronicle_iosUITests.xctest */ = {isa = PBXFileReference; explicitFileType = wrapper.cfbundle; includeInIndex = 0; path = Chronicle_iosUITests.xctest; sourceTree = BUILT_PRODUCTS_DIR; };
		31963BC32EA7C6C3007851D2 /* Sourcery.yml */ = {isa = PBXFileReference; lastKnownFileType = text.yaml; path = Sourcery.yml; sourceTree = "<group>"; };
		31963BC72EA7C73C007851D2 /* Core.meta.swift */ = {isa = PBXFileReference; lastKnownFileType = sourcecode.swift; path = Core.meta.swift; sourceTree = "<group>"; };
		31963BC82EA7C74D007851D2 /* MockParameter.meta.swift */ = {isa = PBXFileReference; lastKnownFileType = sourcecode.swift; path = MockParameter.meta.swift; sourceTree = "<group>"; };
		31963BCA2EA7C76C007851D2 /* ModelsMock.meta.swift */ = {isa = PBXFileReference; lastKnownFileType = sourcecode.swift; path = ModelsMock.meta.swift; sourceTree = "<group>"; };
		31963BCB2EA7C781007851D2 /* ModelsMock.swifttemplate */ = {isa = PBXFileReference; lastKnownFileType = text; path = ModelsMock.swifttemplate; sourceTree = "<group>"; };
/* End PBXFileReference section */

/* Begin PBXFileSystemSynchronizedRootGroup section */
		3196392A2EA6437E007851D2 /* Chronicle */ = {
			isa = PBXFileSystemSynchronizedRootGroup;
			path = Chronicle;
			sourceTree = "<group>";
		};
		319639382EA64380007851D2 /* Chronicle_iosTests */ = {
			isa = PBXFileSystemSynchronizedRootGroup;
			path = Chronicle_iosTests;
			sourceTree = "<group>";
		};
		319639422EA64380007851D2 /* Chronicle_iosUITests */ = {
			isa = PBXFileSystemSynchronizedRootGroup;
			path = Chronicle_iosUITests;
			sourceTree = "<group>";
		};
/* End PBXFileSystemSynchronizedRootGroup section */

/* Begin PBXFrameworksBuildPhase section */
		319639252EA6437E007851D2 /* Frameworks */ = {
			isa = PBXFrameworksBuildPhase;
			buildActionMask = 2147483647;
			files = (
				3196399F2EA67450007851D2 /* RxCocoa in Frameworks */,
				3196399A2EA673CA007851D2 /* RealmSwift in Frameworks */,
				319639A32EA67450007851D2 /* RxSwift in Frameworks */,
				31963EEB2EB3FA1D007851D2 /* IQKeyboardToolbarManager in Frameworks */,
				319639A12EA67450007851D2 /* RxRelay in Frameworks */,
				319639972EA6732F007851D2 /* SnapKit in Frameworks */,
			);
			runOnlyForDeploymentPostprocessing = 0;
		};
		319639322EA64380007851D2 /* Frameworks */ = {
			isa = PBXFrameworksBuildPhase;
			buildActionMask = 2147483647;
			files = (
				319639A52EA67450007851D2 /* RxTest in Frameworks */,
				3196399D2EA67450007851D2 /* RxBlocking in Frameworks */,
				31963C912EA7F3EF007851D2 /* Fakery in Frameworks */,
			);
			runOnlyForDeploymentPostprocessing = 0;
		};
		3196393C2EA64380007851D2 /* Frameworks */ = {
			isa = PBXFrameworksBuildPhase;
			buildActionMask = 2147483647;
			files = (
			);
			runOnlyForDeploymentPostprocessing = 0;
		};
/* End PBXFrameworksBuildPhase section */

/* Begin PBXGroup section */
		3196391F2EA6437E007851D2 = {
			isa = PBXGroup;
			children = (
				31963BBB2EA7C2FB007851D2 /* Meta */,
				3196392A2EA6437E007851D2 /* Chronicle */,
				319639382EA64380007851D2 /* Chronicle_iosTests */,
				319639422EA64380007851D2 /* Chronicle_iosUITests */,
				31963EE92EB3FA1D007851D2 /* Frameworks */,
				319639292EA6437E007851D2 /* Products */,
			);
			sourceTree = "<group>";
		};
		319639292EA6437E007851D2 /* Products */ = {
			isa = PBXGroup;
			children = (
				319639282EA6437E007851D2 /* Chronicle_Staging.app */,
				319639352EA64380007851D2 /* Chronicle_iosTests.xctest */,
				3196393F2EA64380007851D2 /* Chronicle_iosUITests.xctest */,
			);
			name = Products;
			sourceTree = "<group>";
		};
		31963BBB2EA7C2FB007851D2 /* Meta */ = {
			isa = PBXGroup;
			children = (
				31963BC52EA7C72A007851D2 /* Templates */,
				31963BBD2EA7C304007851D2 /* Configuration */,
			);
			path = Meta;
			sourceTree = "<group>";
		};
		31963BBD2EA7C304007851D2 /* Configuration */ = {
			isa = PBXGroup;
			children = (
				31963BC32EA7C6C3007851D2 /* Sourcery.yml */,
			);
			path = Configuration;
			sourceTree = "<group>";
		};
		31963BC52EA7C72A007851D2 /* Templates */ = {
			isa = PBXGroup;
			children = (
				31963BC92EA7C762007851D2 /* ModelsMock */,
				31963BC62EA7C732007851D2 /* Core */,
			);
			path = Templates;
			sourceTree = "<group>";
		};
		31963BC62EA7C732007851D2 /* Core */ = {
			isa = PBXGroup;
			children = (
				31963BC82EA7C74D007851D2 /* MockParameter.meta.swift */,
				31963BC72EA7C73C007851D2 /* Core.meta.swift */,
			);
			path = Core;
			sourceTree = "<group>";
		};
		31963BC92EA7C762007851D2 /* ModelsMock */ = {
			isa = PBXGroup;
			children = (
				31963BCB2EA7C781007851D2 /* ModelsMock.swifttemplate */,
				31963BCA2EA7C76C007851D2 /* ModelsMock.meta.swift */,
			);
			path = ModelsMock;
			sourceTree = "<group>";
		};
		31963EE92EB3FA1D007851D2 /* Frameworks */ = {
			isa = PBXGroup;
			children = (
			);
			name = Frameworks;
			sourceTree = "<group>";
		};
/* End PBXGroup section */

/* Begin PBXNativeTarget section */
		319639272EA6437E007851D2 /* Chronicle_Staging */ = {
			isa = PBXNativeTarget;
			buildConfigurationList = 319639492EA64380007851D2 /* Build configuration list for PBXNativeTarget "Chronicle_Staging" */;
			buildPhases = (
				31963BCC2EA7C7B5007851D2 /* Run Sourcery */,
				319639242EA6437E007851D2 /* Sources */,
				319639252EA6437E007851D2 /* Frameworks */,
				319639262EA6437E007851D2 /* Resources */,
			);
			buildRules = (
			);
			dependencies = (
			);
			fileSystemSynchronizedGroups = (
				3196392A2EA6437E007851D2 /* Chronicle */,
			);
			name = Chronicle_Staging;
			packageProductDependencies = (
				319639962EA6732F007851D2 /* SnapKit */,
				319639992EA673CA007851D2 /* RealmSwift */,
				3196399E2EA67450007851D2 /* RxCocoa */,
				319639A02EA67450007851D2 /* RxRelay */,
				319639A22EA67450007851D2 /* RxSwift */,
				31963EEA2EB3FA1D007851D2 /* IQKeyboardToolbarManager */,
			);
			productName = "money-chronicle-ios";
			productReference = 319639282EA6437E007851D2 /* Chronicle_Staging.app */;
			productType = "com.apple.product-type.application";
		};
		319639342EA64380007851D2 /* Chronicle_iosTests */ = {
			isa = PBXNativeTarget;
			buildConfigurationList = 3196394C2EA64380007851D2 /* Build configuration list for PBXNativeTarget "Chronicle_iosTests" */;
			buildPhases = (
				319639312EA64380007851D2 /* Sources */,
				319639322EA64380007851D2 /* Frameworks */,
				319639332EA64380007851D2 /* Resources */,
			);
			buildRules = (
			);
			dependencies = (
				319639372EA64380007851D2 /* PBXTargetDependency */,
			);
			fileSystemSynchronizedGroups = (
				319639382EA64380007851D2 /* Chronicle_iosTests */,
			);
			name = Chronicle_iosTests;
			packageProductDependencies = (
				3196399C2EA67450007851D2 /* RxBlocking */,
				319639A42EA67450007851D2 /* RxTest */,
				31963C902EA7F3EF007851D2 /* Fakery */,
			);
			productName = "money-chronicle-iosTests";
			productReference = 319639352EA64380007851D2 /* Chronicle_iosTests.xctest */;
			productType = "com.apple.product-type.bundle.unit-test";
		};
		3196393E2EA64380007851D2 /* Chronicle_iosUITests */ = {
			isa = PBXNativeTarget;
			buildConfigurationList = 3196394F2EA64380007851D2 /* Build configuration list for PBXNativeTarget "Chronicle_iosUITests" */;
			buildPhases = (
				3196393B2EA64380007851D2 /* Sources */,
				3196393C2EA64380007851D2 /* Frameworks */,
				3196393D2EA64380007851D2 /* Resources */,
			);
			buildRules = (
			);
			dependencies = (
				319639412EA64380007851D2 /* PBXTargetDependency */,
			);
			fileSystemSynchronizedGroups = (
				319639422EA64380007851D2 /* Chronicle_iosUITests */,
			);
			name = Chronicle_iosUITests;
			packageProductDependencies = (
			);
			productName = "money-chronicle-iosUITests";
			productReference = 3196393F2EA64380007851D2 /* Chronicle_iosUITests.xctest */;
			productType = "com.apple.product-type.bundle.ui-testing";
		};
/* End PBXNativeTarget section */

/* Begin PBXProject section */
		319639202EA6437E007851D2 /* Project object */ = {
			isa = PBXProject;
			attributes = {
				BuildIndependentTargetsInParallel = 1;
				LastSwiftUpdateCheck = 2600;
				LastUpgradeCheck = 2600;
				TargetAttributes = {
					319639272EA6437E007851D2 = {
						CreatedOnToolsVersion = 26.0.1;
					};
					319639342EA64380007851D2 = {
						CreatedOnToolsVersion = 26.0.1;
						TestTargetID = 319639272EA6437E007851D2;
					};
					3196393E2EA64380007851D2 = {
						CreatedOnToolsVersion = 26.0.1;
						TestTargetID = 319639272EA6437E007851D2;
					};
				};
			};
			buildConfigurationList = 319639232EA6437E007851D2 /* Build configuration list for PBXProject "Chronicle" */;
			developmentRegion = en;
			hasScannedForEncodings = 0;
			knownRegions = (
				en,
				Base,
			);
			mainGroup = 3196391F2EA6437E007851D2;
			minimizedProjectReferenceProxies = 1;
			packageReferences = (
				319639952EA6732F007851D2 /* XCRemoteSwiftPackageReference "SnapKit" */,
				319639982EA673CA007851D2 /* XCRemoteSwiftPackageReference "realm-swift" */,
				3196399B2EA67450007851D2 /* XCRemoteSwiftPackageReference "RxSwift" */,
				31963C8F2EA7F3EF007851D2 /* XCRemoteSwiftPackageReference "Fakery" */,
				31963EE82EB3F8A4007851D2 /* XCRemoteSwiftPackageReference "IQKeyboardToolbarManager" */,
			);
			preferredProjectObjectVersion = 77;
			productRefGroup = 319639292EA6437E007851D2 /* Products */;
			projectDirPath = "";
			projectRoot = "";
			targets = (
				319639272EA6437E007851D2 /* Chronicle_Staging */,
				319639342EA64380007851D2 /* Chronicle_iosTests */,
				3196393E2EA64380007851D2 /* Chronicle_iosUITests */,
			);
		};
/* End PBXProject section */

/* Begin PBXResourcesBuildPhase section */
		319639262EA6437E007851D2 /* Resources */ = {
			isa = PBXResourcesBuildPhase;
			buildActionMask = 2147483647;
			files = (
			);
			runOnlyForDeploymentPostprocessing = 0;
		};
		319639332EA64380007851D2 /* Resources */ = {
			isa = PBXResourcesBuildPhase;
			buildActionMask = 2147483647;
			files = (
			);
			runOnlyForDeploymentPostprocessing = 0;
		};
		3196393D2EA64380007851D2 /* Resources */ = {
			isa = PBXResourcesBuildPhase;
			buildActionMask = 2147483647;
			files = (
			);
			runOnlyForDeploymentPostprocessing = 0;
		};
/* End PBXResourcesBuildPhase section */

/* Begin PBXShellScriptBuildPhase section */
		31963BCC2EA7C7B5007851D2 /* Run Sourcery */ = {
			isa = PBXShellScriptBuildPhase;
			buildActionMask = 2147483647;
			files = (
			);
			inputFileListPaths = (
			);
			inputPaths = (
			);
			name = "Run Sourcery";
			outputFileListPaths = (
			);
			outputPaths = (
			);
			runOnlyForDeploymentPostprocessing = 0;
			shellPath = /bin/sh;
			shellScript = "#!/bin/bash\nSOURCERY_PATH=\"${PROJECT_DIR}/sourcery\"\n\nif [ \"${CONFIGURATION}\" != \"Release\" ]; then\n    if [ -f \"$SOURCERY_PATH\" ]; then\n        echo \"Using local Sourcery binary at: $SOURCERY_PATH\"\n        \"$SOURCERY_PATH\" --config \"$PROJECT_DIR/Meta/Configuration/Sourcery.yml\" --prune\n    else\n        echo \"ERROR: Sourcery binary not found at $SOURCERY_PATH\"\n        echo \"Please ensure the Sourcery binary is placed in the project root directory\"\n        exit 1\n    fi\nfi\n";
		};
/* End PBXShellScriptBuildPhase section */

/* Begin PBXSourcesBuildPhase section */
		319639242EA6437E007851D2 /* Sources */ = {
			isa = PBXSourcesBuildPhase;
			buildActionMask = 2147483647;
			files = (
			);
			runOnlyForDeploymentPostprocessing = 0;
		};
		319639312EA64380007851D2 /* Sources */ = {
			isa = PBXSourcesBuildPhase;
			buildActionMask = 2147483647;
			files = (
			);
			runOnlyForDeploymentPostprocessing = 0;
		};
		3196393B2EA64380007851D2 /* Sources */ = {
			isa = PBXSourcesBuildPhase;
			buildActionMask = 2147483647;
			files = (
			);
			runOnlyForDeploymentPostprocessing = 0;
		};
/* End PBXSourcesBuildPhase section */

/* Begin PBXTargetDependency section */
		319639372EA64380007851D2 /* PBXTargetDependency */ = {
			isa = PBXTargetDependency;
			target = 319639272EA6437E007851D2 /* Chronicle_Staging */;
			targetProxy = 319639362EA64380007851D2 /* PBXContainerItemProxy */;
		};
		319639412EA64380007851D2 /* PBXTargetDependency */ = {
			isa = PBXTargetDependency;
			target = 319639272EA6437E007851D2 /* Chronicle_Staging */;
			targetProxy = 319639402EA64380007851D2 /* PBXContainerItemProxy */;
		};
/* End PBXTargetDependency section */

/* Begin XCBuildConfiguration section */
		319639472EA64380007851D2 /* Debug */ = {
			isa = XCBuildConfiguration;
			buildSettings = {
				ALWAYS_SEARCH_USER_PATHS = NO;
				ASSETCATALOG_COMPILER_GENERATE_SWIFT_ASSET_SYMBOL_EXTENSIONS = YES;
				CLANG_ANALYZER_NONNULL = YES;
				CLANG_ANALYZER_NUMBER_OBJECT_CONVERSION = YES_AGGRESSIVE;
				CLANG_CXX_LANGUAGE_STANDARD = "gnu++20";
				CLANG_ENABLE_MODULES = YES;
				CLANG_ENABLE_OBJC_ARC = YES;
				CLANG_ENABLE_OBJC_WEAK = YES;
				CLANG_WARN_BLOCK_CAPTURE_AUTORELEASING = YES;
				CLANG_WARN_BOOL_CONVERSION = YES;
				CLANG_WARN_COMMA = YES;
				CLANG_WARN_CONSTANT_CONVERSION = YES;
				CLANG_WARN_DEPRECATED_OBJC_IMPLEMENTATIONS = YES;
				CLANG_WARN_DIRECT_OBJC_ISA_USAGE = YES_ERROR;
				CLANG_WARN_DOCUMENTATION_COMMENTS = YES;
				CLANG_WARN_EMPTY_BODY = YES;
				CLANG_WARN_ENUM_CONVERSION = YES;
				CLANG_WARN_INFINITE_RECURSION = YES;
				CLANG_WARN_INT_CONVERSION = YES;
				CLANG_WARN_NON_LITERAL_NULL_CONVERSION = YES;
				CLANG_WARN_OBJC_IMPLICIT_RETAIN_SELF = YES;
				CLANG_WARN_OBJC_LITERAL_CONVERSION = YES;
				CLANG_WARN_OBJC_ROOT_CLASS = YES_ERROR;
				CLANG_WARN_QUOTED_INCLUDE_IN_FRAMEWORK_HEADER = YES;
				CLANG_WARN_RANGE_LOOP_ANALYSIS = YES;
				CLANG_WARN_STRICT_PROTOTYPES = YES;
				CLANG_WARN_SUSPICIOUS_MOVE = YES;
				CLANG_WARN_UNGUARDED_AVAILABILITY = YES_AGGRESSIVE;
				CLANG_WARN_UNREACHABLE_CODE = YES;
				CLANG_WARN__DUPLICATE_METHOD_MATCH = YES;
				COPY_PHASE_STRIP = NO;
				DEBUG_INFORMATION_FORMAT = dwarf;
				DEVELOPMENT_TEAM = A997784TM5;
				ENABLE_STRICT_OBJC_MSGSEND = YES;
				ENABLE_TESTABILITY = YES;
				ENABLE_USER_SCRIPT_SANDBOXING = YES;
				GCC_C_LANGUAGE_STANDARD = gnu17;
				GCC_DYNAMIC_NO_PIC = NO;
				GCC_NO_COMMON_BLOCKS = YES;
				GCC_OPTIMIZATION_LEVEL = 0;
				GCC_PREPROCESSOR_DEFINITIONS = (
					"DEBUG=1",
					"$(inherited)",
				);
				GCC_WARN_64_TO_32_BIT_CONVERSION = YES;
				GCC_WARN_ABOUT_RETURN_TYPE = YES_ERROR;
				GCC_WARN_UNDECLARED_SELECTOR = YES;
				GCC_WARN_UNINITIALIZED_AUTOS = YES_AGGRESSIVE;
				GCC_WARN_UNUSED_FUNCTION = YES;
				GCC_WARN_UNUSED_VARIABLE = YES;
				LOCALIZATION_PREFERS_STRING_CATALOGS = YES;
				MTL_ENABLE_DEBUG_INFO = INCLUDE_SOURCE;
				MTL_FAST_MATH = YES;
				ONLY_ACTIVE_ARCH = YES;
				SWIFT_ACTIVE_COMPILATION_CONDITIONS = "DEBUG $(inherited)";
				SWIFT_OPTIMIZATION_LEVEL = "-Onone";
			};
			name = Debug;
		};
		319639482EA64380007851D2 /* Release */ = {
			isa = XCBuildConfiguration;
			buildSettings = {
				ALWAYS_SEARCH_USER_PATHS = NO;
				ASSETCATALOG_COMPILER_GENERATE_SWIFT_ASSET_SYMBOL_EXTENSIONS = YES;
				CLANG_ANALYZER_NONNULL = YES;
				CLANG_ANALYZER_NUMBER_OBJECT_CONVERSION = YES_AGGRESSIVE;
				CLANG_CXX_LANGUAGE_STANDARD = "gnu++20";
				CLANG_ENABLE_MODULES = YES;
				CLANG_ENABLE_OBJC_ARC = YES;
				CLANG_ENABLE_OBJC_WEAK = YES;
				CLANG_WARN_BLOCK_CAPTURE_AUTORELEASING = YES;
				CLANG_WARN_BOOL_CONVERSION = YES;
				CLANG_WARN_COMMA = YES;
				CLANG_WARN_CONSTANT_CONVERSION = YES;
				CLANG_WARN_DEPRECATED_OBJC_IMPLEMENTATIONS = YES;
				CLANG_WARN_DIRECT_OBJC_ISA_USAGE = YES_ERROR;
				CLANG_WARN_DOCUMENTATION_COMMENTS = YES;
				CLANG_WARN_EMPTY_BODY = YES;
				CLANG_WARN_ENUM_CONVERSION = YES;
				CLANG_WARN_INFINITE_RECURSION = YES;
				CLANG_WARN_INT_CONVERSION = YES;
				CLANG_WARN_NON_LITERAL_NULL_CONVERSION = YES;
				CLANG_WARN_OBJC_IMPLICIT_RETAIN_SELF = YES;
				CLANG_WARN_OBJC_LITERAL_CONVERSION = YES;
				CLANG_WARN_OBJC_ROOT_CLASS = YES_ERROR;
				CLANG_WARN_QUOTED_INCLUDE_IN_FRAMEWORK_HEADER = YES;
				CLANG_WARN_RANGE_LOOP_ANALYSIS = YES;
				CLANG_WARN_STRICT_PROTOTYPES = YES;
				CLANG_WARN_SUSPICIOUS_MOVE = YES;
				CLANG_WARN_UNGUARDED_AVAILABILITY = YES_AGGRESSIVE;
				CLANG_WARN_UNREACHABLE_CODE = YES;
				CLANG_WARN__DUPLICATE_METHOD_MATCH = YES;
				COPY_PHASE_STRIP = NO;
				DEBUG_INFORMATION_FORMAT = "dwarf-with-dsym";
				DEVELOPMENT_TEAM = A997784TM5;
				ENABLE_NS_ASSERTIONS = NO;
				ENABLE_STRICT_OBJC_MSGSEND = YES;
				ENABLE_USER_SCRIPT_SANDBOXING = YES;
				GCC_C_LANGUAGE_STANDARD = gnu17;
				GCC_NO_COMMON_BLOCKS = YES;
				GCC_WARN_64_TO_32_BIT_CONVERSION = YES;
				GCC_WARN_ABOUT_RETURN_TYPE = YES_ERROR;
				GCC_WARN_UNDECLARED_SELECTOR = YES;
				GCC_WARN_UNINITIALIZED_AUTOS = YES_AGGRESSIVE;
				GCC_WARN_UNUSED_FUNCTION = YES;
				GCC_WARN_UNUSED_VARIABLE = YES;
				LOCALIZATION_PREFERS_STRING_CATALOGS = YES;
				MTL_ENABLE_DEBUG_INFO = NO;
				MTL_FAST_MATH = YES;
				SWIFT_COMPILATION_MODE = wholemodule;
			};
			name = Release;
		};
		3196394A2EA64380007851D2 /* Debug */ = {
			isa = XCBuildConfiguration;
			buildSettings = {
				ASSETCATALOG_COMPILER_APPICON_NAME = AppIcon;
				ASSETCATALOG_COMPILER_GLOBAL_ACCENT_COLOR_NAME = AccentColor;
				CODE_SIGN_STYLE = Automatic;
				CURRENT_PROJECT_VERSION = 1;
				DEVELOPMENT_TEAM = A997784TM5;
				ENABLE_APP_SANDBOX = YES;
				ENABLE_HARDENED_RUNTIME = YES;
				ENABLE_PREVIEWS = YES;
				ENABLE_USER_SCRIPT_SANDBOXING = NO;
				ENABLE_USER_SELECTED_FILES = readonly;
				GENERATE_INFOPLIST_FILE = YES;
				INFOPLIST_KEY_CFBundleDisplayName = "Staging - Money Chronicle";
				INFOPLIST_KEY_LSApplicationCategoryType = "public.app-category.finance";
				"INFOPLIST_KEY_UIApplicationSceneManifest_Generation[sdk=iphoneos*]" = YES;
				"INFOPLIST_KEY_UIApplicationSceneManifest_Generation[sdk=iphonesimulator*]" = YES;
				"INFOPLIST_KEY_UIApplicationSupportsIndirectInputEvents[sdk=iphoneos*]" = YES;
				"INFOPLIST_KEY_UIApplicationSupportsIndirectInputEvents[sdk=iphonesimulator*]" = YES;
				"INFOPLIST_KEY_UILaunchScreen_Generation[sdk=iphoneos*]" = YES;
				"INFOPLIST_KEY_UILaunchScreen_Generation[sdk=iphonesimulator*]" = YES;
				"INFOPLIST_KEY_UIStatusBarStyle[sdk=iphoneos*]" = UIStatusBarStyleDefault;
				"INFOPLIST_KEY_UIStatusBarStyle[sdk=iphonesimulator*]" = UIStatusBarStyleDefault;
				INFOPLIST_KEY_UISupportedInterfaceOrientations_iPad = "UIInterfaceOrientationPortrait UIInterfaceOrientationPortraitUpsideDown UIInterfaceOrientationLandscapeLeft UIInterfaceOrientationLandscapeRight";
				INFOPLIST_KEY_UISupportedInterfaceOrientations_iPhone = "UIInterfaceOrientationPortrait UIInterfaceOrientationLandscapeLeft UIInterfaceOrientationLandscapeRight";
				IPHONEOS_DEPLOYMENT_TARGET = 16.6;
				LD_RUNPATH_SEARCH_PATHS = "@executable_path/Frameworks";
				"LD_RUNPATH_SEARCH_PATHS[sdk=macosx*]" = "@executable_path/../Frameworks";
				MACOSX_DEPLOYMENT_TARGET = 15.7;
				MARKETING_VERSION = 1.0.0;
				PRODUCT_BUNDLE_IDENTIFIER = "com.deerangle.money-chronicle.staging";
				PRODUCT_NAME = "$(TARGET_NAME)";
				REGISTER_APP_GROUPS = YES;
				SDKROOT = auto;
				STRING_CATALOG_GENERATE_SYMBOLS = YES;
				SUPPORTED_PLATFORMS = "iphoneos iphonesimulator";
				SUPPORTS_MACCATALYST = NO;
				SWIFT_APPROACHABLE_CONCURRENCY = YES;
				SWIFT_DEFAULT_ACTOR_ISOLATION = MainActor;
				SWIFT_EMIT_LOC_STRINGS = YES;
				SWIFT_UPCOMING_FEATURE_MEMBER_IMPORT_VISIBILITY = YES;
				SWIFT_VERSION = 5.0;
				TARGETED_DEVICE_FAMILY = "1,2";
				XROS_DEPLOYMENT_TARGET = 26.0;
			};
			name = Debug;
		};
		3196394B2EA64380007851D2 /* Release */ = {
			isa = XCBuildConfiguration;
			buildSettings = {
				ASSETCATALOG_COMPILER_APPICON_NAME = AppIcon;
				ASSETCATALOG_COMPILER_GLOBAL_ACCENT_COLOR_NAME = AccentColor;
				CODE_SIGN_STYLE = Automatic;
				CURRENT_PROJECT_VERSION = 1;
				DEVELOPMENT_TEAM = A997784TM5;
				ENABLE_APP_SANDBOX = YES;
				ENABLE_HARDENED_RUNTIME = YES;
				ENABLE_PREVIEWS = YES;
				ENABLE_USER_SCRIPT_SANDBOXING = NO;
				ENABLE_USER_SELECTED_FILES = readonly;
				GENERATE_INFOPLIST_FILE = YES;
				INFOPLIST_KEY_CFBundleDisplayName = "Staging - Money Chronicle";
				INFOPLIST_KEY_LSApplicationCategoryType = "public.app-category.finance";
				"INFOPLIST_KEY_UIApplicationSceneManifest_Generation[sdk=iphoneos*]" = YES;
				"INFOPLIST_KEY_UIApplicationSceneManifest_Generation[sdk=iphonesimulator*]" = YES;
				"INFOPLIST_KEY_UIApplicationSupportsIndirectInputEvents[sdk=iphoneos*]" = YES;
				"INFOPLIST_KEY_UIApplicationSupportsIndirectInputEvents[sdk=iphonesimulator*]" = YES;
				"INFOPLIST_KEY_UILaunchScreen_Generation[sdk=iphoneos*]" = YES;
				"INFOPLIST_KEY_UILaunchScreen_Generation[sdk=iphonesimulator*]" = YES;
				"INFOPLIST_KEY_UIStatusBarStyle[sdk=iphoneos*]" = UIStatusBarStyleDefault;
				"INFOPLIST_KEY_UIStatusBarStyle[sdk=iphonesimulator*]" = UIStatusBarStyleDefault;
				INFOPLIST_KEY_UISupportedInterfaceOrientations_iPad = "UIInterfaceOrientationPortrait UIInterfaceOrientationPortraitUpsideDown UIInterfaceOrientationLandscapeLeft UIInterfaceOrientationLandscapeRight";
				INFOPLIST_KEY_UISupportedInterfaceOrientations_iPhone = "UIInterfaceOrientationPortrait UIInterfaceOrientationLandscapeLeft UIInterfaceOrientationLandscapeRight";
				IPHONEOS_DEPLOYMENT_TARGET = 16.6;
				LD_RUNPATH_SEARCH_PATHS = "@executable_path/Frameworks";
				"LD_RUNPATH_SEARCH_PATHS[sdk=macosx*]" = "@executable_path/../Frameworks";
				MACOSX_DEPLOYMENT_TARGET = 15.7;
				MARKETING_VERSION = 1.0.0;
				PRODUCT_BUNDLE_IDENTIFIER = "com.deerangle.money-chronicle.staging";
				PRODUCT_NAME = "$(TARGET_NAME)";
				REGISTER_APP_GROUPS = YES;
				SDKROOT = auto;
				STRING_CATALOG_GENERATE_SYMBOLS = YES;
				SUPPORTED_PLATFORMS = "iphoneos iphonesimulator";
				SUPPORTS_MACCATALYST = NO;
				SWIFT_APPROACHABLE_CONCURRENCY = YES;
				SWIFT_DEFAULT_ACTOR_ISOLATION = MainActor;
				SWIFT_EMIT_LOC_STRINGS = YES;
				SWIFT_UPCOMING_FEATURE_MEMBER_IMPORT_VISIBILITY = YES;
				SWIFT_VERSION = 5.0;
				TARGETED_DEVICE_FAMILY = "1,2";
				XROS_DEPLOYMENT_TARGET = 26.0;
			};
			name = Release;
		};
		3196394D2EA64380007851D2 /* Debug */ = {
			isa = XCBuildConfiguration;
			buildSettings = {
				BUNDLE_LOADER = "$(TEST_HOST)";
				CODE_SIGN_STYLE = Automatic;
				CURRENT_PROJECT_VERSION = 1;
				DEVELOPMENT_TEAM = A997784TM5;
				GENERATE_INFOPLIST_FILE = YES;
				IPHONEOS_DEPLOYMENT_TARGET = 16.6;
				MACOSX_DEPLOYMENT_TARGET = 15.7;
				MARKETING_VERSION = 1.0;
				PRODUCT_BUNDLE_IDENTIFIER = "com.deerangle.money-chronicle-iosTests";
				PRODUCT_NAME = "$(TARGET_NAME)";
				SDKROOT = auto;
				STRING_CATALOG_GENERATE_SYMBOLS = NO;
				SUPPORTED_PLATFORMS = "iphoneos iphonesimulator";
				SUPPORTS_MACCATALYST = NO;
				SWIFT_APPROACHABLE_CONCURRENCY = YES;
				SWIFT_EMIT_LOC_STRINGS = NO;
				SWIFT_UPCOMING_FEATURE_MEMBER_IMPORT_VISIBILITY = YES;
				SWIFT_VERSION = 5.0;
				TARGETED_DEVICE_FAMILY = "1,2";
				TEST_HOST = "$(BUILT_PRODUCTS_DIR)/Chronicle_Staging.app/$(BUNDLE_EXECUTABLE_FOLDER_PATH)/Chronicle_Staging";
				XROS_DEPLOYMENT_TARGET = 26.0;
			};
			name = Debug;
		};
		3196394E2EA64380007851D2 /* Release */ = {
			isa = XCBuildConfiguration;
			buildSettings = {
				BUNDLE_LOADER = "$(TEST_HOST)";
				CODE_SIGN_STYLE = Automatic;
				CURRENT_PROJECT_VERSION = 1;
				DEVELOPMENT_TEAM = A997784TM5;
				GENERATE_INFOPLIST_FILE = YES;
				IPHONEOS_DEPLOYMENT_TARGET = 16.6;
				MACOSX_DEPLOYMENT_TARGET = 15.7;
				MARKETING_VERSION = 1.0;
				PRODUCT_BUNDLE_IDENTIFIER = "com.deerangle.money-chronicle-iosTests";
				PRODUCT_NAME = "$(TARGET_NAME)";
				SDKROOT = auto;
				STRING_CATALOG_GENERATE_SYMBOLS = NO;
				SUPPORTED_PLATFORMS = "iphoneos iphonesimulator";
				SUPPORTS_MACCATALYST = NO;
				SWIFT_APPROACHABLE_CONCURRENCY = YES;
				SWIFT_EMIT_LOC_STRINGS = NO;
				SWIFT_UPCOMING_FEATURE_MEMBER_IMPORT_VISIBILITY = YES;
				SWIFT_VERSION = 5.0;
				TARGETED_DEVICE_FAMILY = "1,2";
				TEST_HOST = "$(BUILT_PRODUCTS_DIR)/Chronicle_Staging.app/$(BUNDLE_EXECUTABLE_FOLDER_PATH)/Chronicle_Staging";
				XROS_DEPLOYMENT_TARGET = 26.0;
			};
			name = Release;
		};
		319639502EA64380007851D2 /* Debug */ = {
			isa = XCBuildConfiguration;
			buildSettings = {
				CODE_SIGN_STYLE = Automatic;
				CURRENT_PROJECT_VERSION = 1;
				DEVELOPMENT_TEAM = A997784TM5;
				GENERATE_INFOPLIST_FILE = YES;
				IPHONEOS_DEPLOYMENT_TARGET = 16.6;
				MACOSX_DEPLOYMENT_TARGET = 15.7;
				MARKETING_VERSION = 1.0;
				PRODUCT_BUNDLE_IDENTIFIER = "com.deerangle.money-chronicle-iosUITests";
				PRODUCT_NAME = "$(TARGET_NAME)";
				SDKROOT = auto;
				STRING_CATALOG_GENERATE_SYMBOLS = NO;
				SUPPORTED_PLATFORMS = "iphoneos iphonesimulator";
				SUPPORTS_MACCATALYST = NO;
				SWIFT_APPROACHABLE_CONCURRENCY = YES;
				SWIFT_EMIT_LOC_STRINGS = NO;
				SWIFT_UPCOMING_FEATURE_MEMBER_IMPORT_VISIBILITY = YES;
				SWIFT_VERSION = 5.0;
				TARGETED_DEVICE_FAMILY = "1,2";
				TEST_TARGET_NAME = "money-chronicle-ios";
				XROS_DEPLOYMENT_TARGET = 26.0;
			};
			name = Debug;
		};
		319639512EA64380007851D2 /* Release */ = {
			isa = XCBuildConfiguration;
			buildSettings = {
				CODE_SIGN_STYLE = Automatic;
				CURRENT_PROJECT_VERSION = 1;
				DEVELOPMENT_TEAM = A997784TM5;
				GENERATE_INFOPLIST_FILE = YES;
				IPHONEOS_DEPLOYMENT_TARGET = 16.6;
				MACOSX_DEPLOYMENT_TARGET = 15.7;
				MARKETING_VERSION = 1.0;
				PRODUCT_BUNDLE_IDENTIFIER = "com.deerangle.money-chronicle-iosUITests";
				PRODUCT_NAME = "$(TARGET_NAME)";
				SDKROOT = auto;
				STRING_CATALOG_GENERATE_SYMBOLS = NO;
				SUPPORTED_PLATFORMS = "iphoneos iphonesimulator";
				SUPPORTS_MACCATALYST = NO;
				SWIFT_APPROACHABLE_CONCURRENCY = YES;
				SWIFT_EMIT_LOC_STRINGS = NO;
				SWIFT_UPCOMING_FEATURE_MEMBER_IMPORT_VISIBILITY = YES;
				SWIFT_VERSION = 5.0;
				TARGETED_DEVICE_FAMILY = "1,2";
				TEST_TARGET_NAME = "money-chronicle-ios";
				XROS_DEPLOYMENT_TARGET = 26.0;
			};
			name = Release;
		};
/* End XCBuildConfiguration section */

/* Begin XCConfigurationList section */
		319639232EA6437E007851D2 /* Build configuration list for PBXProject "Chronicle" */ = {
			isa = XCConfigurationList;
			buildConfigurations = (
				319639472EA64380007851D2 /* Debug */,
				319639482EA64380007851D2 /* Release */,
			);
			defaultConfigurationIsVisible = 0;
			defaultConfigurationName = Release;
		};
		319639492EA64380007851D2 /* Build configuration list for PBXNativeTarget "Chronicle_Staging" */ = {
			isa = XCConfigurationList;
			buildConfigurations = (
				3196394A2EA64380007851D2 /* Debug */,
				3196394B2EA64380007851D2 /* Release */,
			);
			defaultConfigurationIsVisible = 0;
			defaultConfigurationName = Release;
		};
		3196394C2EA64380007851D2 /* Build configuration list for PBXNativeTarget "Chronicle_iosTests" */ = {
			isa = XCConfigurationList;
			buildConfigurations = (
				3196394D2EA64380007851D2 /* Debug */,
				3196394E2EA64380007851D2 /* Release */,
			);
			defaultConfigurationIsVisible = 0;
			defaultConfigurationName = Release;
		};
		3196394F2EA64380007851D2 /* Build configuration list for PBXNativeTarget "Chronicle_iosUITests" */ = {
			isa = XCConfigurationList;
			buildConfigurations = (
				319639502EA64380007851D2 /* Debug */,
				319639512EA64380007851D2 /* Release */,
			);
			defaultConfigurationIsVisible = 0;
			defaultConfigurationName = Release;
		};
/* End XCConfigurationList section */

/* Begin XCRemoteSwiftPackageReference section */
		319639952EA6732F007851D2 /* XCRemoteSwiftPackageReference "SnapKit" */ = {
			isa = XCRemoteSwiftPackageReference;
			repositoryURL = "https://github.com/SnapKit/SnapKit";
			requirement = {
				kind = upToNextMajorVersion;
				minimumVersion = 5.7.1;
			};
		};
		319639982EA673CA007851D2 /* XCRemoteSwiftPackageReference "realm-swift" */ = {
			isa = XCRemoteSwiftPackageReference;
			repositoryURL = "https://github.com/realm/realm-swift";
			requirement = {
				branch = master;
				kind = branch;
			};
		};
		3196399B2EA67450007851D2 /* XCRemoteSwiftPackageReference "RxSwift" */ = {
			isa = XCRemoteSwiftPackageReference;
			repositoryURL = "https://github.com/ReactiveX/RxSwift";
			requirement = {
				kind = upToNextMajorVersion;
				minimumVersion = 6.9.0;
			};
		};
		31963C8F2EA7F3EF007851D2 /* XCRemoteSwiftPackageReference "Fakery" */ = {
			isa = XCRemoteSwiftPackageReference;
			repositoryURL = "https://github.com/vadymmarkov/Fakery";
			requirement = {
				kind = upToNextMajorVersion;
				minimumVersion = 5.1.0;
			};
		};
		31963EE82EB3F8A4007851D2 /* XCRemoteSwiftPackageReference "IQKeyboardToolbarManager" */ = {
			isa = XCRemoteSwiftPackageReference;
			repositoryURL = "https://github.com/hackiftekhar/IQKeyboardToolbarManager";
			requirement = {
				kind = upToNextMajorVersion;
				minimumVersion = 1.1.4;
			};
		};
/* End XCRemoteSwiftPackageReference section */

/* Begin XCSwiftPackageProductDependency section */
		319639962EA6732F007851D2 /* SnapKit */ = {
			isa = XCSwiftPackageProductDependency;
			package = 319639952EA6732F007851D2 /* XCRemoteSwiftPackageReference "SnapKit" */;
			productName = SnapKit;
		};
		319639992EA673CA007851D2 /* RealmSwift */ = {
			isa = XCSwiftPackageProductDependency;
			package = 319639982EA673CA007851D2 /* XCRemoteSwiftPackageReference "realm-swift" */;
			productName = RealmSwift;
		};
		3196399C2EA67450007851D2 /* RxBlocking */ = {
			isa = XCSwiftPackageProductDependency;
			package = 3196399B2EA67450007851D2 /* XCRemoteSwiftPackageReference "RxSwift" */;
			productName = RxBlocking;
		};
		3196399E2EA67450007851D2 /* RxCocoa */ = {
			isa = XCSwiftPackageProductDependency;
			package = 3196399B2EA67450007851D2 /* XCRemoteSwiftPackageReference "RxSwift" */;
			productName = RxCocoa;
		};
		319639A02EA67450007851D2 /* RxRelay */ = {
			isa = XCSwiftPackageProductDependency;
			package = 3196399B2EA67450007851D2 /* XCRemoteSwiftPackageReference "RxSwift" */;
			productName = RxRelay;
		};
		319639A22EA67450007851D2 /* RxSwift */ = {
			isa = XCSwiftPackageProductDependency;
			package = 3196399B2EA67450007851D2 /* XCRemoteSwiftPackageReference "RxSwift" */;
			productName = RxSwift;
		};
		319639A42EA67450007851D2 /* RxTest */ = {
			isa = XCSwiftPackageProductDependency;
			package = 3196399B2EA67450007851D2 /* XCRemoteSwiftPackageReference "RxSwift" */;
			productName = RxTest;
		};
		31963C902EA7F3EF007851D2 /* Fakery */ = {
			isa = XCSwiftPackageProductDependency;
			package = 31963C8F2EA7F3EF007851D2 /* XCRemoteSwiftPackageReference "Fakery" */;
			productName = Fakery;
		};
		31963EEA2EB3FA1D007851D2 /* IQKeyboardToolbarManager */ = {
			isa = XCSwiftPackageProductDependency;
			package = 31963EE82EB3F8A4007851D2 /* XCRemoteSwiftPackageReference "IQKeyboardToolbarManager" */;
			productName = IQKeyboardToolbarManager;
		};
/* End XCSwiftPackageProductDependency section */
	};
	rootObject = 319639202EA6437E007851D2 /* Project object */;
}
